
Microsoft Visual Studio Solution File, Format Version 12.00
# Visual Studio Version 17
VisualStudioVersion = 17.0.31717.71
MinimumVisualStudioVersion = 10.0.40219.1
Project("{9A19103F-16F7-4668-BE54-9A1E7A4F7556}") = "RichnessSoft.Web2", "RichnessSoft.Web2.csproj", "{33B3863D-3719-4870-B26D-7621D9F001F8}"
EndProject
Global
	GlobalSection(SolutionConfigurationPlatforms) = preSolution
		Debug|Any CPU = Debug|Any CPU
		Release|Any CPU = Release|Any CPU
	EndGlobalSection
	GlobalSection(ProjectConfigurationPlatforms) = postSolution
		{33B3863D-3719-4870-B26D-7621D9F001F8}.Debug|Any CPU.ActiveCfg = Debug|Any CPU
		{33B3863D-3719-4870-B26D-7621D9F001F8}.Debug|Any CPU.Build.0 = Debug|Any CPU
		{33B3863D-3719-4870-B26D-7621D9F001F8}.Release|Any CPU.ActiveCfg = Release|Any CPU
		{33B3863D-3719-4870-B26D-7621D9F001F8}.Release|Any CPU.Build.0 = Release|Any CPU
	EndGlobalSection
	GlobalSection(SolutionProperties) = preSolution
		HideSolutionNode = FALSE
	EndGlobalSection
	GlobalSection(ExtensibilityGlobals) = postSolution
		SolutionGuid = {7DFDD57B-2709-48DC-99B1-35B335B452C2}
	EndGlobalSection
EndGlobal